dario.cat/mergo v1.0.2 h1:85+piFYR1tMbRrLcDwR18y4UKJ3aH1Tbzi24VRW1TK8=
dario.cat/mergo v1.0.2/go.mod h1:E/hbnu0NxMFBjpMIE34DRGLWqDy0g5FuKDhCb31ngxA=
github.com/BurntSushi/toml v1.6.0 h1:dRaEfpa2VI55EwlIW72hMRHdWouJeRF7TPYhI+AUQjk=
github.com/BurntSushi/toml v1.6.0/go.mod h1:ukJfTF/6rtPPRCnwkur4qwRxa8vTRFBF0uk2lLoLwho=
github.com/Microsoft/go-winio v0.5.2/go.mod h1:WpS1mjBmmwHBEWmogvA2mj8546UReBk4v8QkMxJ6pZY=
github.com/Microsoft/go-winio v0.6.2 h1:F2VQgta7ecxGYO8k3ZZz3RS8fVIXVxONVUPlNERoyfY=
github.com/Microsoft/go-winio v0.6.2/go.mod h1:yd8OoFMLzJbo9gZq8j5qaps8bJ9aShtEA8Ipt1oGCvU=
github.com/ProtonMail/go-crypto v1.3.0 h1:ILq8+Sf5If5DCpHQp4PbZdS1J7HDFRXz/+xKBiRGFrw=
github.com/ProtonMail/go-crypto v1.3.0/go.mod h1:9whxjD8Rbs29b4XWbB8irEcE8KHMqaR2e7GWU1R+/PE=
github.com/adrg/xdg v0.5.3 h1:xRnxJXne7+oWDatRhR1JLnvuccuIeCoBu2rtuLqQB78=
github.com/adrg/xdg v0.5.3/go.mod h1:nlTsY+NNiCBGCK2tpm09vRqfVzrc2fLmXGpBLF0zlTQ=
github.com/anmitsu/go-shlex v0.0.0-20200514113438-38f4b401e2be h1:9AeTilPcZAjCFIImctFaOjnTIavg87rW78vTPkQqLI8=
github.com/anmitsu/go-shlex v0.0.0-20200514113438-38f4b401e2be/go.mod h1:ySMOLuWl6zY27l47sB3qLNK6tF2fkHG55UZxx8oIVo4=
github.com/armon/go-socks5 v0.0.0-20160902184237-e75332964ef5 h1:0CwZNZbxp69SHPdPJAN/hZIm0C4OItdklCFmMRWYpio=
github.com/armon/go-socks5 v0.0.0-20160902184237-e75332964ef5/go.mod h1:wHh0iHkYZB8zMSxRWpUBQtwG5a7fFgvEO+odwuTv2gs=
github.com/bep/debounce v1.2.1 h1:v67fRdBA9UQu2NhLFXrSg0Brw7CexQekrBwDMM8bzeY=
github.com/bep/debounce v1.2.1/go.mod h1:H8yggRPQKLUhUoqrJC1bO2xNya7vanpDl7xR3ISbCJ0=
github.com/boombuler/barcode v1.0.0/go.mod h1:paBWMcWSl3LHKBqUq+rly7CNSldXjb2rDl3JlRe0mD8=
github.com/boombuler/barcode v1.0.1 h1:NDBbPmhS+EqABEs5Kg3n/5ZNjy73Pz7SIV+KCeqyXcs=
github.com/boombuler/barcode v1.0.1/go.mod h1:paBWMcWSl3LHKBqUq+rly7CNSldXjb2rDl3JlRe0mD8=
github.com/clipperhouse/stringish v0.1.1 h1:+NSqMOr3GR6k1FdRhhnXrLfztGzuG+VuFDfatpWHKCs=
github.com/clipperhouse/stringish v0.1.1/go.mod h1:v/WhFtE1q0ovMta2+m+UbpZ+2/HEXNWYXQgCt4hdOzA=
github.com/clipperhouse/uax29/v2 v2.4.0 h1:RXqE/l5EiAbA4u97giimKNlmpvkmz+GrBVTelsoXy9g=
github.com/clipperhouse/uax29/v2 v2.4.0/go.mod h1:Wn1g7MK6OoeDT0vL+Q0SQLDz/KpfsVRgg6W7ihQeh4g=
github.com/cloudflare/circl v1.6.3 h1:9GPOhQGF9MCYUeXyMYlqTR6a5gTrgR/fBLXvUgtVcg8=
github.com/cloudflare/circl v1.6.3/go.mod h1:2eXP6Qfat4O/Yhh8BznvKnJ+uzEoTQ6jVKJRn81BiS4=
github.com/coder/websocket v1.8.14 h1:9L0p0iKiNOibykf283eHkKUHHrpG7f65OE3BhhO7v9g=
github.com/coder/websocket v1.8.14/go.mod h1:NX3SzP+inril6yawo5CQXx8+fk145lPDC6pumgx0mVg=
github.com/cpuguy83/go-md2man/v2 v2.0.6/go.mod h1:oOW0eioCTA6cOiMLiUPZOpcVxMig6NIQQ7OS05n1F4g=
github.com/cyphar/filepath-securejoin v0.6.1 h1:5CeZ1jPXEiYt3+Z6zqprSAgSWiggmpVyciv8syjIpVE=
github.com/cyphar/filepath-securejoin v0.6.1/go.mod h1:A8hd4EnAeyujCJRrICiOWqjS1AX0a9kM5XL+NwKoYSc=
github.com/davecgh/go-spew v1.1.0/go.mod h1:J7Y8YcW2NihsgmVo/mv3lAwl/skON4iLHjSsI+c5H38=
github.com/davecgh/go-spew v1.1.1 h1:vj9j/u1bqnvCEfJOwUhtlOARqs3+rkHYY13jYWTU97c=
github.com/davecgh/go-spew v1.1.1/go.mod h1:J7Y8YcW2NihsgmVo/mv3lAwl/skON4iLHjSsI+c5H38=
github.com/dundee/qrpay v0.0.4 h1:FUJBB8psNDeZh4HH29jsrbMyzuS569PPq1+D1rHUgEE=
github.com/dundee/qrpay v0.0.4/go.mod h1:b0H5eLIdRrwafJ9zDT1nXjW2xcA7IlECCB5APEFNsa4=
github.com/dustin/go-humanize v1.0.1 h1:GzkhY7T5VNhEkwH0PVJgjz+fX1rhBrR7pRT3mDkpeCY=
github.com/dustin/go-humanize v1.0.1/go.mod h1:Mu1zIs6XwVuF/gI1OepvI0qD18qycQx+mFykh5fBlto=
github.com/ebitengine/purego v0.9.1 h1:a/k2f2HQU3Pi399RPW1MOaZyhKJL9w/xFpKAg4q1s0A=
github.com/ebitengine/purego v0.9.1/go.mod h1:iIjxzd6CiRiOG0UyXP+V1+jWqUXVjPKLAI0mRfJZTmQ=
github.com/elazarl/goproxy v1.7.2 h1:Y2o6urb7Eule09PjlhQRGNsqRfPmYI3KKQLFpCAV3+o=
github.com/elazarl/goproxy v1.7.2/go.mod h1:82vkLNir0ALaW14Rc399OTTjyNREgmdL2cVoIbS6XaE=
github.com/emirpasic/gods v1.18.1 h1:FXtiHYKDGKCW2KzwZKx0iC0PQmdlorYgdFG9jPXJ1Bc=
github.com/emirpasic/gods v1.18.1/go.mod h1:8tpGGwCnJ5H4r6BWwaV6OrWmMoPhUl5jm/FMNAnJvWQ=
github.com/f-amaral/go-async v0.3.0 h1:h4kLsX7aKfdWaHvV0lf+/EE3OIeCzyeDYJDb/vDZUyg=
github.com/f-amaral/go-async v0.3.0/go.mod h1:Hz5Qr6DAWpbTTUjytnrg1WIsDgS7NtOei5y8SipYS7U=
github.com/gliderlabs/ssh v0.3.8 h1:a4YXD1V7xMF9g5nTkdfnja3Sxy1PVDCj1Zg4Wb8vY6c=
github.com/gliderlabs/ssh v0.3.8/go.mod h1:xYoytBv1sV0aL3CavoDuJIQNURXkkfPA/wxQ1pL1fAU=
github.com/go-chi/chi/v5 v5.2.5 h1:Eg4myHZBjyvJmAFjFvWgrqDTXFyOzjj7YIm3L3mu6Ug=
github.com/go-chi/chi/v5 v5.2.5/go.mod h1:X7Gx4mteadT3eDOMTsXzmI4/rwUpOwBHLpAfupzFJP0=
github.com/go-git/gcfg v1.5.1-0.20230307220236-3a3c6141e376 h1:+zs/tPmkDkHx3U66DAb0lQFJrpS6731Oaa12ikc+DiI=
github.com/go-git/gcfg v1.5.1-0.20230307220236-3a3c6141e376/go.mod h1:an3vInlBmSxCcxctByoQdvwPiA7DTK7jaaFDBTtu0ic=
github.com/go-git/go-billy/v5 v5.7.0 h1:83lBUJhGWhYp0ngzCMSgllhUSuoHP1iEWYjsPl9nwqM=
github.com/go-git/go-billy/v5 v5.7.0/go.mod h1:/1IUejTKH8xipsAcdfcSAlUlo2J7lkYV8GTKxAT/L3E=
github.com/go-git/go-git-fixtures/v4 v4.3.2-0.20231010084843-55a94097c399 h1:eMje31YglSBqCdIqdhKBW8lokaMrL3uTkpGYlE2OOT4=
github.com/go-git/go-git-fixtures/v4 v4.3.2-0.20231010084843-55a94097c399/go.mod h1:1OCfN199q1Jm3HZlxleg+Dw/mwps2Wbk9frAWm+4FII=
github.com/go-git/go-git/v5 v5.16.4 h1:7ajIEZHZJULcyJebDLo99bGgS0jRrOxzZG4uCk2Yb2Y=
github.com/go-git/go-git/v5 v5.16.4/go.mod h1:4Ge4alE/5gPs30F2H1esi2gPd69R0C39lolkucHBOp8=
github.com/go-ini/ini v1.67.0 h1:z6ZrTEZqSWOTyH2FlglNbNgARyHG8oLW9gMELqKr06A=
github.com/go-ini/ini v1.67.0/go.mod h1:ByCAeIL28uOIIG0E3PJtZPDL8WnHpFKFOtgjp+3Ies8=
github.com/go-json-experiment/json v0.0.0-20251027170946-4849db3c2f7e h1:Lf/gRkoycfOBPa42vU2bbgPurFong6zXeFtPoxholzU=
github.com/go-json-experiment/json v0.0.0-20251027170946-4849db3c2f7e/go.mod h1:uNVvRXArCGbZ508SxYYTC5v1JWoz2voff5pm25jU1Ok=
github.com/go-ole/go-ole v1.3.0 h1:Dt6ye7+vXGIKZ7Xtk4s6/xVdGDQynvom7xCFEdWr6uE=
github.com/go-ole/go-ole v1.3.0/go.mod h1:5LS6F96DhAwUc7C+1HLexzMXY1xGRSryjyPPKW6zv78=
github.com/godbus/dbus/v5 v5.2.2 h1:TUR3TgtSVDmjiXOgAAyaZbYmIeP3DPkld3jgKGV8mXQ=
github.com/godbus/dbus/v5 v5.2.2/go.mod h1:3AAv2+hPq5rdnr5txxxRwiGjPXamgoIHgz9FPBfOp3c=
github.com/golang/groupcache v0.0.0-20241129210726-2c02b8208cf8 h1:f+oWsMOmNPc8JmEHVZIycC7hBoQxHH9pNKQORJNozsQ=
github.com/golang/groupcache v0.0.0-20241129210726-2c02b8208cf8/go.mod h1:wcDNUvekVysuuOpQKo3191zZyTpiI6se1N1ULghS0sw=
github.com/google/go-cmp v0.7.0 h1:wk8382ETsv4JYUZwIsn6YpYiWiBsYLSJiTsyBybVuN8=
github.com/google/go-cmp v0.7.0/go.mod h1:pXiqmnSA92OHEEa9HXL2W4E7lf9JzCmGVUdgjX3N/iU=
github.com/google/pprof v0.0.0-20250317173921-a4b03ec1a45e h1:ijClszYn+mADRFY17kjQEVQ1XRhq2/JR1M3sGqeJoxs=
github.com/google/pprof v0.0.0-20250317173921-a4b03ec1a45e/go.mod h1:boTsfXsheKC2y+lKOCMpSfarhxDeIzfZG1jqGcPl3cA=
github.com/google/uuid v1.6.0 h1:NIvaJDMOsjHA8n1jAhLSgzrAzy1Hgr+hNrb57e+94F0=
github.com/google/uuid v1.6.0/go.mod h1:TIyPZe4MgqvfeYDBFedMoGGpEw/LqOeaOT+nhxU+yHo=
github.com/hashicorp/golang-lru/v2 v2.0.7 h1:a+bsQ5rvGLjzHuww6tVxozPZFVghXaHOwFs4luLUK2k=
github.com/hashicorp/golang-lru/v2 v2.0.7/go.mod h1:QeFd9opnmA6QUJc5vARoKUSoFhyfM2/ZepoAG6RGpeM=
github.com/hhrutter/lzw v1.0.0 h1:laL89Llp86W3rRs83LvKbwYRx6INE8gDn0XNb1oXtm0=
github.com/hhrutter/lzw v1.0.0/go.mod h1:2HC6DJSn/n6iAZfgM3Pg+cP1KxeWc3ezG8bBqW5+WEo=
github.com/hhrutter/tiff v1.0.1 h1:MIus8caHU5U6823gx7C6jrfoEvfSTGtEFRiM8/LOzC0=
github.com/hhrutter/tiff v1.0.1/go.mod h1:zU/dNgDm0cMIa8y8YwcYBeuEEveI4B0owqHyiPpJPHc=
github.com/inconshreveable/mousetrap v1.1.0 h1:wN+x4NVGpMsO7ErUn/mUI3vEoE6Jt13X2s0bqwp9tc8=
github.com/inconshreveable/mousetrap v1.1.0/go.mod h1:vpF70FUmC8bwa3OWnCshd2FqLfsEA9PFc4w1p2J65bw=
github.com/jbenet/go-context v0.0.0-20150711004518-d14ea06fba99 h1:BQSFePA1RWJOlocH6Fxy8MmwDt+yVQYULKfN0RoTN8A=
github.com/jbenet/go-context v0.0.0-20150711004518-d14ea06fba99/go.mod h1:1lJo3i6rXxKeerYnT8Nvf0QmHCRC1n8sfWVwXF2Frvo=
github.com/jbub/banking v0.6.0 h1:JN7FZ30+w9b0kkUsE3NHRd2XZcdLrzaxVLSCxttE0o8=
github.com/jbub/banking v0.6.0/go.mod h1:19/mEIFSyT8JLWERPDWJe/PH0MSA9kO5h1mN065IXMA=
github.com/jchv/go-winloader v0.0.0-20250406163304-c1995be93bd1 h1:njuLRcjAuMKr7kI3D85AXWkw6/+v9PwtV6M6o11sWHQ=
github.com/jchv/go-winloader v0.0.0-20250406163304-c1995be93bd1/go.mod h1:alcuEEnZsY1WQsagKhZDsoPCRoOijYqhZvPwLG0kzVs=
github.com/johnfercher/go-tree v1.0.5 h1:zpgVhJsChavzhKdxhQiCJJzcSY3VCT9oal2JoA2ZevY=
github.com/johnfercher/go-tree v1.0.5/go.mod h1:DUO6QkXIFh1K7jeGBIkLCZaeUgnkdQAsB64FDSoHswg=
github.com/johnfercher/maroto/v2 v2.3.3 h1:oeXsBnoecaMgRDwN0Cstjoe4rug3lKpOanuxuHKPqQE=
github.com/johnfercher/maroto/v2 v2.3.3/go.mod h1:KNv102TwUrlVgZGukzlIbhkG6l/WaCD6pzu6aWGVjBI=
github.com/jung-kurt/gofpdf v1.0.0/go.mod h1:7Id9E/uU8ce6rXgefFLlgrJj/GYY22cpxn+r32jIOes=
github.com/kevinburke/ssh_config v1.4.0 h1:6xxtP5bZ2E4NF5tuQulISpTO2z8XbtH8cg1PWkxoFkQ=
github.com/kevinburke/ssh_config v1.4.0/go.mod h1:q2RIzfka+BXARoNexmF9gkxEX7DmvbW9P4hIVx2Kg4M=
github.com/klauspost/compress v1.18.4 h1:RPhnKRAQ4Fh8zU2FY/6ZFDwTVTxgJ/EMydqSTzE9a2c=
github.com/klauspost/compress v1.18.4/go.mod h1:R0h/fSBs8DE4ENlcrlib3PsXS61voFxhIs2DeRhCvJ4=
github.com/klauspost/cpuid/v2 v2.0.1/go.mod h1:FInQzS24/EEf25PyTYn52gqo7WaD8xa0213Md/qVLRg=
github.com/klauspost/cpuid/v2 v2.3.0 h1:S4CRMLnYUhGeDFDqkGriYKdfoFlDnMtqTiI/sFzhA9Y=
github.com/klauspost/cpuid/v2 v2.3.0/go.mod h1:hqwkgyIinND0mEev00jJYCxPNVRVXFQeu1XKlok6oO0=
github.com/klauspost/crc32 v1.3.0 h1:sSmTt3gUt81RP655XGZPElI0PelVTZ6YwCRnPSupoFM=
github.com/klauspost/crc32 v1.3.0/go.mod h1:D7kQaZhnkX/Y0tstFGf8VUzv2UofNGqCjnC3zdHB0Hw=
github.com/kr/pretty v0.1.0/go.mod h1:dAy3ld7l9f0ibDNOQOHHMYYIIbhfbHSm3C4ZsoJORNo=
github.com/kr/pretty v0.3.1 h1:flRD4NNwYAUpkphVc1HcthR4KEIFJ65n8Mw5qdRn3LE=
github.com/kr/pretty v0.3.1/go.mod h1:hoEshYVHaxMs3cyo3Yncou5ZscifuDolrwPKZanG3xk=
github.com/kr/pty v1.1.1/go.mod h1:pFQYn66WHrOpPYNljwOMqo10TkYh1fy3cYio2l3bCsQ=
github.com/kr/text v0.1.0/go.mod h1:4Jbv+DJW3UT/LiOwJeYQe1efqtUx/iVham/4vfdArNI=
github.com/kr/text v0.2.0 h1:5Nx0Ya0ZqY2ygV366QzturHI13Jq95ApcVaJBhpS+AY=
github.com/kr/text v0.2.0/go.mod h1:eLer722TekiGuMkidMxC/pM04lWEeraHUUmBw8l2grE=
github.com/leaanthony/go-ansi-parser v1.6.1 h1:xd8bzARK3dErqkPFtoF9F3/HgN8UQk0ed1YDKpEz01A=
github.com/leaanthony/go-ansi-parser v1.6.1/go.mod h1:+vva/2y4alzVmmIEpk9QDhA7vLC5zKDTRwfZGOp3IWU=
github.com/leaanthony/u v1.1.1 h1:TUFjwDGlNX+WuwVEzDqQwC2lOv0P4uhTQw7CMFdiK7M=
github.com/leaanthony/u v1.1.1/go.mod h1:9+o6hejoRljvZ3BzdYlVL0JYCwtnAsVuN9pVTQcaRfI=
github.com/lmittmann/tint v1.1.2 h1:2CQzrL6rslrsyjqLDwD11bZ5OpLBPU+g3G/r5LSfS8w=
github.com/lmittmann/tint v1.1.2/go.mod h1:HIS3gSy7qNwGCj+5oRjAutErFBl4BzdQP6cJZ0NfMwE=
github.com/matryer/is v1.4.0/go.mod h1:8I/i5uYgLzgsgEloJE1U6xx5HkBQpAZvepWuujKwMRU=
github.com/matryer/is v1.4.1 h1:55ehd8zaGABKLXQUe2awZ99BD/PTc2ls+KV/dXphgEQ=
github.com/matryer/is v1.4.1/go.mod h1:8I/i5uYgLzgsgEloJE1U6xx5HkBQpAZvepWuujKwMRU=
github.com/mattn/go-colorable v0.1.14 h1:9A9LHSqF/7dyVVX6g0U9cwm9pG3kP9gSzcuIPHPsaIE=
github.com/mattn/go-colorable v0.1.14/go.mod h1:6LmQG8QLFO4G5z1gPvYEzlUgJ2wF+stgPZH1UqBm1s8=
github.com/mattn/go-isatty v0.0.20 h1:xfD0iDuEKnDkl03q4limB+vH+GxLEtL/jb4xVJSWWEY=
github.com/mattn/go-isatty v0.0.20/go.mod h1:W+V8PltTTMOvKvAeJH7IuucS94S2C6jfK/D7dTCTo3Y=
github.com/mattn/go-runewidth v0.0.19 h1:v++JhqYnZuu5jSKrk9RbgF5v4CGUjqRfBm05byFGLdw=
github.com/mattn/go-runewidth v0.0.19/go.mod h1:XBkDxAl56ILZc9knddidhrOlY5R/pDhgLpndooCuJAs=
github.com/mfridman/interpolate v0.0.2 h1:pnuTK7MQIxxFz1Gr+rjSIx9u7qVjf5VOoM/u6BbAxPY=
github.com/mfridman/interpolate v0.0.2/go.mod h1:p+7uk6oE07mpE/Ik1b8EckO0O4ZXiGAfshKBWLUM9Xg=
github.com/minio/crc64nvme v1.1.1 h1:8dwx/Pz49suywbO+auHCBpCtlW1OfpcLN7wYgVR6wAI=
github.com/minio/crc64nvme v1.1.1/go.mod h1:eVfm2fAzLlxMdUGc0EEBGSMmPwmXD5XiNRpnu9J3bvg=
github.com/minio/md5-simd v1.1.2 h1:Gdi1DZK69+ZVMoNHRXJyNcxrMA4dSxoYHZSQbirFg34=
github.com/minio/md5-simd v1.1.2/go.mod h1:MzdKDxYpY2BT9XQFocsiZf/NKVtR7nkE4RoEpN+20RM=
github.com/minio/minio-go/v7 v7.0.99 h1:2vH/byrwUkIpFQFOilvTfaUpvAX3fEFhEzO+DR3DlCE=
github.com/minio/minio-go/v7 v7.0.99/go.mod h1:EtGNKtlX20iL2yaYnxEigaIvj0G0GwSDnifnG8ClIdw=
github.com/ncruces/go-strftime v1.0.0 h1:HMFp8mLCTPp341M/ZnA4qaf7ZlsbTc+miZjCLOFAw7w=
github.com/ncruces/go-strftime v1.0.0/go.mod h1:Fwc5htZGVVkseilnfgOVb9mKy6w1naJmn9CehxcKcls=
github.com/onsi/gomega v1.34.1 h1:EUMJIKUjM8sKjYbtxQI9A4z2o+rruxnzNvpknOXie6k=
github.com/onsi/gomega v1.34.1/go.mod h1:kU1QgUvBDLXBJq618Xvm2LUX6rSAfRaFRTcdOeDLwwY=
github.com/pdfcpu/pdfcpu v0.6.0 h1:z4kARP5bcWa39TTYMcN/kjBnm7MvhTWjXgeYmkdAGMI=
github.com/pdfcpu/pdfcpu v0.6.0/go.mod h1:kmpD0rk8YnZj0l3qSeGBlAB+XszHUgNv//ORH/E7EYo=
github.com/philhofer/fwd v1.2.0 h1:e6DnBTl7vGY+Gz322/ASL4Gyp1FspeMvx1RNDoToZuM=
github.com/philhofer/fwd v1.2.0/go.mod h1:RqIHx9QI14HlwKwm98g9Re5prTQ6LdeRQn+gXJFxsJM=
github.com/phpdave11/gofpdf v1.4.3 h1:M/zHvS8FO3zh9tUd2RCOPEjyuVcs281FCyF22Qlz/IA=
github.com/phpdave11/gofpdf v1.4.3/go.mod h1:MAwzoUIgD3J55u0rxIG2eu37c+XWhBtXSpPAhnQXf/o=
github.com/phpdave11/gofpdi v1.0.15/go.mod h1:vBmVV0Do6hSBHC8uKUQ71JGW+ZGQq74llk/7bXwjDoI=
github.com/pjbgf/sha1cd v0.5.0 h1:a+UkboSi1znleCDUNT3M5YxjOnN1fz2FhN48FlwCxs0=
github.com/pjbgf/sha1cd v0.5.0/go.mod h1:lhpGlyHLpQZoxMv8HcgXvZEhcGs0PG/vsZnEJ7H0iCM=
github.com/pkg/browser v0.0.0-20240102092130-5ac0b6a4141c h1:+mdjkGKdHQG3305AYmdv1U2eRNDiU2ErMBj1gwrq8eQ=
github.com/pkg/browser v0.0.0-20240102092130-5ac0b6a4141c/go.mod h1:7rwL4CYBLnjLxUqIJNnCWiEdr3bn6IUYi15bNlnbCCU=
github.com/pkg/errors v0.8.1/go.mod h1:bwawxfHBFNV+L2hUp1rHADufV3IMtnDRdf1r5NINEl0=
github.com/pkg/errors v0.9.1 h1:FEBLx1zS214owpjy7qsBeixbURkuhQAwrK5UwLGTwt4=
github.com/pkg/errors v0.9.1/go.mod h1:bwawxfHBFNV+L2hUp1rHADufV3IMtnDRdf1r5NINEl0=
github.com/pmezard/go-difflib v1.0.0 h1:4DBwDE0NGyQoBHbLQYPwSUPoCMWR5BEzIk/f1lZbAQM=
github.com/pmezard/go-difflib v1.0.0/go.mod h1:iKH77koFhYxTK1pcRnkKkqfTogsbg7gZNVY4sRDYZ/4=
github.com/pressly/goose/v3 v3.27.0 h1:/D30gVTuQhu0WsNZYbJi4DMOsx1lNq+6SkLe+Wp59BM=
github.com/pressly/goose/v3 v3.27.0/go.mod h1:3ZBeCXqzkgIRvrEMDkYh1guvtoJTU5oMMuDdkutoM78=
github.com/remyoudompheng/bigfft v0.0.0-20230129092748-24d4a6f8daec h1:W09IVJc94icq4NjY3clb7Lk8O1qJ8BdBEF8z0ibU0rE=
github.com/remyoudompheng/bigfft v0.0.0-20230129092748-24d4a6f8daec/go.mod h1:qqbHyh8v60DhA7CoWK5oRCqLrMHRGoxYCSS9EjAz6Eo=
github.com/rivo/uniseg v0.2.0/go.mod h1:J6wj4VEh+S6ZtnVlnTBMWIodfgj8LQOQFoIToxlJtxc=
github.com/rivo/uniseg v0.4.7 h1:WUdvkW8uEhrYfLC4ZzdpI2ztxP1I582+49Oc5Mq64VQ=
github.com/rivo/uniseg v0.4.7/go.mod h1:FN3SvrM+Zdj16jyLfmOkMNblXMcoc8DfTHruCPUcx88=
github.com/rogpeppe/go-internal v1.14.1 h1:UQB4HGPB6osV0SQTLymcB4TgvyWu6ZyliaW0tI/otEQ=
github.com/rogpeppe/go-internal v1.14.1/go.mod h1:MaRKkUm5W0goXpeCfT7UZI6fk/L7L7so1lCWt35ZSgc=
github.com/rs/xid v1.6.0 h1:fV591PaemRlL6JfRxGDEPl69wICngIQ3shQtzfy2gxU=
github.com/rs/xid v1.6.0/go.mod h1:7XoLgs4eV+QndskICGsho+ADou8ySMSjJKDIan90Nz0=
github.com/russross/blackfriday/v2 v2.1.0/go.mod h1:+Rmxgy9KzJVeS9/2gXHxylqXiyQDYRxCVz55jmeOWTM=
github.com/ruudk/golang-pdf417 v0.0.0-20181029194003-1af4ab5afa58/go.mod h1:6lfFZQK844Gfx8o5WFuvpxWRwnSoipWe/p622j1v06w=
github.com/samber/lo v1.52.0 h1:Rvi+3BFHES3A8meP33VPAxiBZX/Aws5RxrschYGjomw=
github.com/samber/lo v1.52.0/go.mod h1:4+MXEGsJzbKGaUEQFKBq2xtfuznW9oz/WrgyzMzRoM0=
github.com/sergi/go-diff v1.4.0 h1:n/SP9D5ad1fORl+llWyN+D6qoUETXNZARKjyY2/KVCw=
github.com/sergi/go-diff v1.4.0/go.mod h1:A0bzQcvG0E7Rwjx0REVgAGH58e96+X0MeOfepqsbeW4=
github.com/sethvargo/go-retry v0.3.0 h1:EEt31A35QhrcRZtrYFDTBg91cqZVnFL2navjDrah2SE=
github.com/sethvargo/go-retry v0.3.0/go.mod h1:mNX17F0C/HguQMyMyJxcnU471gOZGxCLyYaFyAZraas=
github.com/sirupsen/logrus v1.7.0/go.mod h1:yWOB1SBYBC5VeMP7gHvWumXLIWorT60ONWic61uBYv0=
github.com/skeema/knownhosts v1.3.2 h1:EDL9mgf4NzwMXCTfaxSD/o/a5fxDw/xL9nkU28JjdBg=
github.com/skeema/knownhosts v1.3.2/go.mod h1:bEg3iQAuw+jyiw+484wwFJoKSLwcfd7fqRy+N0QTiow=
github.com/skip2/go-qrcode v0.0.0-20200617195104-da1b6568686e h1:MRM5ITcdelLK2j1vwZ3Je0FKVCfqOLp5zO6trqMLYs0=
github.com/skip2/go-qrcode v0.0.0-20200617195104-da1b6568686e/go.mod h1:XV66xRDqSt+GTGFMVlhk3ULuV0y9ZmzeVGR4mloJI3M=
github.com/spf13/cobra v1.10.2 h1:DMTTonx5m65Ic0GOoRY2c16WCbHxOOw6xxezuLaBpcU=
github.com/spf13/cobra v1.10.2/go.mod h1:7C1pvHqHw5A4vrJfjNwvOdzYu0Gml16OCs2GRiTUUS4=
github.com/spf13/pflag v1.0.9/go.mod h1:McXfInJRrz4CZXVZOBLb0bTZqETkiAhM9Iw0y3An2Bg=
github.com/spf13/pflag v1.0.10 h1:4EBh2KAYBwaONj6b2Ye1GiHfwjqyROoF4RwYO+vPwFk=
github.com/spf13/pflag v1.0.10/go.mod h1:McXfInJRrz4CZXVZOBLb0bTZqETkiAhM9Iw0y3An2Bg=
github.com/stretchr/objx v0.1.0/go.mod h1:HFkY916IF+rwdDfMAkV7OtwuqBVzrE8GR6GFx+wExME=
github.com/stretchr/objx v0.5.1 h1:4VhoImhV/Bm0ToFkXFi8hXNXwpDRZ/ynw3amt82mzq0=
github.com/stretchr/objx v0.5.1/go.mod h1:/iHQpkQwBD6DLUmQ4pE+s1TXdob1mORJ4/UFdrifcy0=
github.com/stretchr/testify v1.2.2/go.mod h1:a8OnRcib4nhh0OaRAV+Yts87kKdq0PP7pXfy6kDkUVs=
github.com/stretchr/testify v1.4.0/go.mod h1:j7eGeouHqKxXV5pUuKE4zz7dFj8WfuZ+81PSLYec5m4=
github.com/stretchr/testify v1.7.0/go.mod h1:6Fq8oRcR53rry900zMqJjRRixrwX3KX962/h/Wwjteg=
github.com/stretchr/testify v1.11.1 h1:7s2iGBzp5EwR7/aIZr8ao5+dra3wiQyKjjFuvgVKu7U=
github.com/stretchr/testify v1.11.1/go.mod h1:wZwfW3scLgRK+23gO65QZefKpKQRnfz6sD981Nm4B6U=
github.com/tinylib/msgp v1.6.1 h1:ESRv8eL3u+DNHUoSAAQRE50Hm162zqAnBoGv9PzScPY=
github.com/tinylib/msgp v1.6.1/go.mod h1:RSp0LW9oSxFut3KzESt5Voq4GVWyS+PSulT77roAqEA=
github.com/wailsapp/go-webview2 v1.0.23 h1:jmv8qhz1lHibCc79bMM/a/FqOnnzOGEisLav+a0b9P0=
github.com/wailsapp/go-webview2 v1.0.23/go.mod h1:qJmWAmAmaniuKGZPWwne+uor3AHMB5PFhqiK0Bbj8kc=
github.com/wailsapp/wails/v3 v3.0.0-alpha.74 h1:wRm1EiDQtxDisXk46NtpiBH90STwfKp36NrTDwOEdxw=
github.com/wailsapp/wails/v3 v3.0.0-alpha.74/go.mod h1:4saK4A4K9970X+X7RkMwP2lyGbLogcUz54wVeq4C/V8=
github.com/xanzy/ssh-agent v0.3.3 h1:+/15pJfg/RsTxqYcX6fHqOXZwwMP+2VyYWJeWM2qQFM=
github.com/xanzy/ssh-agent v0.3.3/go.mod h1:6dzNDKs0J9rVPHPhaGCukekBHKqfl+L3KghI1Bc68Uw=
go.uber.org/multierr v1.11.0 h1:blXXJkSxSSfBVBlC76pxqeO+LN3aDfLQo+309xJstO0=
go.uber.org/multierr v1.11.0/go.mod h1:20+QtiLqy0Nd6FdQB9TLXag12DsQkrbs3htMFfDN80Y=
go.yaml.in/yaml/v3 v3.0.4 h1:tfq32ie2Jv2UxXFdLJdh3jXuOzWiL1fo0bu/FbuKpbc=
go.yaml.in/yaml/v3 v3.0.4/go.mod h1:DhzuOOF2ATzADvBadXxruRBLzYTpT36CKvDb3+aBEFg=
golang.org/x/crypto v0.0.0-20220622213112-05595931fe9d/go.mod h1:IxCIyHEi3zRg3s0A5j5BB6A9Jmi73HwBIUl50j+osU4=
golang.org/x/crypto v0.48.0 h1:/VRzVqiRSggnhY7gNRxPauEQ5Drw9haKdM0jqfcCFts=
golang.org/x/crypto v0.48.0/go.mod h1:r0kV5h3qnFPlQnBSrULhlsRfryS2pmewsg+XfMgkVos=
golang.org/x/exp v0.0.0-20260218203240-3dfff04db8fa h1:Zt3DZoOFFYkKhDT3v7Lm9FDMEV06GpzjG2jrqW+QTE0=
golang.org/x/exp v0.0.0-20260218203240-3dfff04db8fa/go.mod h1:K79w1Vqn7PoiZn+TkNpx3BUWUQksGO3JcVX6qIjytmA=
golang.org/x/image v0.0.0-20190910094157-69e4b8554b2a/go.mod h1:FeLwcggjj3mMvU+oOTbSwawSJRM1uh48EjtB4UJZlP0=
golang.org/x/image v0.35.0 h1:LKjiHdgMtO8z7Fh18nGY6KDcoEtVfsgLDPeLyguqb7I=
golang.org/x/image v0.35.0/go.mod h1:MwPLTVgvxSASsxdLzKrl8BRFuyqMyGhLwmC+TO1Sybk=
golang.org/x/mod v0.33.0 h1:tHFzIWbBifEmbwtGz65eaWyGiGZatSrT9prnU8DbVL8=
golang.org/x/mod v0.33.0/go.mod h1:swjeQEj+6r7fODbD2cqrnje9PnziFuw4bmLbBZFrQ5w=
golang.org/x/net v0.0.0-20211112202133-69e39bad7dc2/go.mod h1:9nx3DQGgdP8bBQD5qxJ1jj9UTztislL4KSBs9R2vV5Y=
golang.org/x/net v0.50.0 h1:ucWh9eiCGyDR3vtzso0WMQinm2Dnt8cFMuQa9K33J60=
golang.org/x/net v0.50.0/go.mod h1:UgoSli3F/pBgdJBHCTc+tp3gmrU4XswgGRgtnwWTfyM=
golang.org/x/sync v0.19.0 h1:vV+1eWNmZ5geRlYjzm2adRgW2/mcpevXNg50YZtPCE4=
golang.org/x/sync v0.19.0/go.mod h1:9KTHXmSnoGruLpwFjVSX0lNNA75CykiMECbovNTZqGI=
golang.org/x/sys v0.0.0-20191026070338-33540a1f6037/go.mod h1:h1NjWce9XRLGQEsW7wpKNCjG9DtNlClVuFLEZdDNbEs=
golang.org/x/sys v0.0.0-20200810151505-1b9f1253b3ed/go.mod h1:h1NjWce9XRLGQEsW7wpKNCjG9DtNlClVuFLEZdDNbEs=
golang.org/x/sys v0.0.0-20201119102817-f84b799fce68/go.mod h1:h1NjWce9XRLGQEsW7wpKNCjG9DtNlClVuFLEZdDNbEs=
golang.org/x/sys v0.0.0-20210124154548-22da62e12c0c/go.mod h1:h1NjWce9XRLGQEsW7wpKNCjG9DtNlClVuFLEZdDNbEs=
golang.org/x/sys v0.0.0-20210423082822-04245dca01da/go.mod h1:h1NjWce9XRLGQEsW7wpKNCjG9DtNlClVuFLEZdDNbEs=
golang.org/x/sys v0.0.0-20210615035016-665e8c7367d1/go.mod h1:oPkhp1MJrh7nUepCBck5+mAzfO9JrbApNNgaTdGDITg=
golang.org/x/sys v0.0.0-20220715151400-c0bba94af5f8/go.mod h1:oPkhp1MJrh7nUepCBck5+mAzfO9JrbApNNgaTdGDITg=
golang.org/x/sys v0.1.0/go.mod h1:oPkhp1MJrh7nUepCBck5+mAzfO9JrbApNNgaTdGDITg=
golang.org/x/sys v0.6.0/go.mod h1:oPkhp1MJrh7nUepCBck5+mAzfO9JrbApNNgaTdGDITg=
golang.org/x/sys v0.41.0 h1:Ivj+2Cp/ylzLiEU89QhWblYnOE9zerudt9Ftecq2C6k=
golang.org/x/sys v0.41.0/go.mod h1:OgkHotnGiDImocRcuBABYBEXf8A9a87e/uXjp9XT3ks=
golang.org/x/term v0.0.0-20201126162022-7de9c90e9dd1/go.mod h1:bj7SfCRtBDWHUb9snDiAeCFNEtKQo2Wmx5Cou7ajbmo=
golang.org/x/term v0.40.0 h1:36e4zGLqU4yhjlmxEaagx2KuYbJq3EwY8K943ZsHcvg=
golang.org/x/term v0.40.0/go.mod h1:w2P8uVp06p2iyKKuvXIm7N/y0UCRt3UfJTfZ7oOpglM=
golang.org/x/text v0.3.0/go.mod h1:NqM8EUOU14njkJ3fqMW+pc6Ldnwhi/IjpwHt7yyuwOQ=
golang.org/x/text v0.3.6/go.mod h1:5Zoc/QRtKVWzQhOtBMvqHzDpF6irO9z98xDceosuGiQ=
golang.org/x/text v0.34.0 h1:oL/Qq0Kdaqxa1KbNeMKwQq0reLCCaFtqu2eNuSeNHbk=
golang.org/x/text v0.34.0/go.mod h1:homfLqTYRFyVYemLBFl5GgL/DWEiH5wcsQ5gSh1yziA=
golang.org/x/tools v0.0.0-20180917221912-90fa682c2a6e/go.mod h1:n7NCudcB/nEzxVGmLbDWY5pfWTLqBcC2KZ6jyYvM4mQ=
golang.org/x/tools v0.42.0 h1:uNgphsn75Tdz5Ji2q36v/nsFSfR/9BRFvqhGBaJGd5k=
golang.org/x/tools v0.42.0/go.mod h1:Ma6lCIwGZvHK6XtgbswSoWroEkhugApmsXyrUmBhfr0=
gopkg.in/check.v1 v0.0.0-20161208181325-20d25e280405/go.mod h1:Co6ibVJAznAaIkqp8huTwlJQCZ016jof/cbN4VW5Yz0=
gopkg.in/check.v1 v1.0.0-20190902080502-41f04d3bba15/go.mod h1:Co6ibVJAznAaIkqp8huTwlJQCZ016jof/cbN4VW5Yz0=
gopkg.in/check.v1 v1.0.0-20201130134442-10cb98267c6c h1:Hei/4ADfdWqJk1ZMxUNpqntNwaWcugrBjAiHlqqRiVk=
gopkg.in/check.v1 v1.0.0-20201130134442-10cb98267c6c/go.mod h1:JHkPIbrfpd72SG/EVd6muEfDQjcINNoR0C8j2r3qZ4Q=
gopkg.in/warnings.v0 v0.1.2 h1:wFXVbFY8DY5/xOe1ECiWdKCzZlxgshcYVNkBHstARME=
gopkg.in/warnings.v0 v0.1.2/go.mod h1:jksf8JmL6Qr/oQM2OXTHunEvvTAsrWBLb6OOjuVWRNI=
gopkg.in/yaml.v2 v2.2.2/go.mod h1:hI93XBmqTisBFMUTm0b8Fm+jr3Dg1NNxqwp+5A1VGuI=
gopkg.in/yaml.v2 v2.4.0 h1:D8xgwECY7CYvx+Y2n4sBz93Jn9JRvxdiyyo8CTfuKaY=
gopkg.in/yaml.v2 v2.4.0/go.mod h1:RDklbk79AGWmwhnvt/jBztapEOGDOx6ZbXqjP6csGnQ=
gopkg.in/yaml.v3 v3.0.0-20200313102051-9f266ea9e77c/go.mod h1:K4uyk7z7BCEPqu6E+C64Yfv1cQ7kz7rIZviUmN+EgEM=
gopkg.in/yaml.v3 v3.0.1 h1:fxVm/GzAzEWqLHuvctI91KS9hhNmmWOoWu0XTYJS7CA=
gopkg.in/yaml.v3 v3.0.1/go.mod h1:K4uyk7z7BCEPqu6E+C64Yfv1cQ7kz7rIZviUmN+EgEM=
modernc.org/cc/v4 v4.27.1 h1:9W30zRlYrefrDV2JE2O8VDtJ1yPGownxciz5rrbQZis=
modernc.org/cc/v4 v4.27.1/go.mod h1:uVtb5OGqUKpoLWhqwNQo/8LwvoiEBLvZXIQ/SmO6mL0=
modernc.org/ccgo/v4 v4.30.2 h1:4yPaaq9dXYXZ2V8s1UgrC3KIj580l2N4ClrLwnbv2so=
modernc.org/ccgo/v4 v4.30.2/go.mod h1:yZMnhWEdW0qw3EtCndG1+ldRrVGS+bIwyWmAWzS0XEw=
modernc.org/fileutil v1.3.40 h1:ZGMswMNc9JOCrcrakF1HrvmergNLAmxOPjizirpfqBA=
modernc.org/fileutil v1.3.40/go.mod h1:HxmghZSZVAz/LXcMNwZPA/DRrQZEVP9VX0V4LQGQFOc=
modernc.org/gc/v2 v2.6.5 h1:nyqdV8q46KvTpZlsw66kWqwXRHdjIlJOhG6kxiV/9xI=
modernc.org/gc/v2 v2.6.5/go.mod h1:YgIahr1ypgfe7chRuJi2gD7DBQiKSLMPgBQe9oIiito=
modernc.org/gc/v3 v3.1.2 h1:ZtDCnhonXSZexk/AYsegNRV1lJGgaNZJuKjJSWKyEqo=
modernc.org/gc/v3 v3.1.2/go.mod h1:HFK/6AGESC7Ex+EZJhJ2Gni6cTaYpSMmU/cT9RmlfYY=
modernc.org/goabi0 v0.2.0 h1:HvEowk7LxcPd0eq6mVOAEMai46V+i7Jrj13t4AzuNks=
modernc.org/goabi0 v0.2.0/go.mod h1:CEFRnnJhKvWT1c1JTI3Avm+tgOWbkOu5oPA8eH8LnMI=
modernc.org/libc v1.68.0 h1:PJ5ikFOV5pwpW+VqCK1hKJuEWsonkIJhhIXyuF/91pQ=
modernc.org/libc v1.68.0/go.mod h1:NnKCYeoYgsEqnY3PgvNgAeaJnso968ygU8Z0DxjoEc0=
modernc.org/mathutil v1.7.1 h1:GCZVGXdaN8gTqB1Mf/usp1Y/hSqgI2vAGGP4jZMCxOU=
modernc.org/mathutil v1.7.1/go.mod h1:4p5IwJITfppl0G4sUEDtCr4DthTaT47/N3aT6MhfgJg=
modernc.org/memory v1.11.0 h1:o4QC8aMQzmcwCK3t3Ux/ZHmwFPzE6hf2Y5LbkRs+hbI=
modernc.org/memory v1.11.0/go.mod h1:/JP4VbVC+K5sU2wZi9bHoq2MAkCnrt2r98UGeSK7Mjw=
modernc.org/opt v0.1.4 h1:2kNGMRiUjrp4LcaPuLY2PzUfqM/w9N23quVwhKt5Qm8=
modernc.org/opt v0.1.4/go.mod h1:03fq9lsNfvkYSfxrfUhZCWPk1lm4cq4N+Bh//bEtgns=
modernc.org/sortutil v1.2.1 h1:+xyoGf15mM3NMlPDnFqrteY07klSFxLElE2PVuWIJ7w=
modernc.org/sortutil v1.2.1/go.mod h1:7ZI3a3REbai7gzCLcotuw9AC4VZVpYMjDzETGsSMqJE=
modernc.org/sqlite v1.46.1 h1:eFJ2ShBLIEnUWlLy12raN0Z1plqmFX9Qe3rjQTKt6sU=
modernc.org/sqlite v1.46.1/go.mod h1:CzbrU2lSB1DKUusvwGz7rqEKIq+NUd8GWuBBZDs9/nA=
modernc.org/strutil v1.2.1 h1:UneZBkQA+DX2Rp35KcM69cSsNES9ly8mQWD71HKlOA0=
modernc.org/strutil v1.2.1/go.mod h1:EHkiggD70koQxjVdSBM3JKM7k6L0FbGE5eymy9i3B9A=
modernc.org/token v1.1.0 h1:Xl7Ap9dKaEs5kLoOQeQmPWevfnk/DM5qcLcYlA8ys6Y=
modernc.org/token v1.1.0/go.mod h1:UGzOrNV1mAFSEB63lOFHIpNRUVMvYTc6yu1SMY/XTDM=
